Microsoft Visual Studio Solution File, Format Version 12.00
# Visual Studio 2013
VisualStudioVersion = 12.0.30723.0
MinimumVisualStudioVersion = 10.0.40219.1
Project("{8BC9CEB8-8B4A-11D0-8D11-00A0C91BC942}") = "tinyXmlTest", "tinyXmlTest.vcxproj", "{235C0641-2EC3-44C6-BB54-A13CAD1F52BC}"
EndProject
Project("{8BC9CEB8-8B4A-11D0-8D11-00A0C91BC942}") = "tinyXmlTestSTL", "tinyXmlTestSTL.vcxproj", "{881FD20F-E1B2-40BE-9120-66BB3F03F9CB}"
EndProject
Project("{8BC9CEB8-8B4A-11D0-8D11-00A0C91BC942}") = "tinyxml", "tinyxml_lib.vcxproj", "{57FEC541-722C-49D2-B59B-012260568CD9}"
EndProject
Project("{8BC9CEB8-8B4A-11D0-8D11-00A0C91BC942}") = "tinyxmlSTL", "tinyxmlSTL.vcxproj", "{B6CFB62B-8F92-4C3F-B488-EBFA215C8B5E}"
EndProject
Global
	GlobalSection(SolutionConfigurationPlatforms) = preSolution
		Debug|Win32 = Debug|Win32
		Debug|x64 = Debug|x64
		Release|Win32 = Release|Win32
		Release|x64 = Release|x64
	EndGlobalSection
	GlobalSection(ProjectConfigurationPlatforms) = postSolution
		{235C0641-2EC3-44C6-BB54-A13CAD1F52BC}.Debug|Win32.ActiveCfg = Debug|Win32
		{235C0641-2EC3-44C6-BB54-A13CAD1F52BC}.Debug|Win32.Build.0 = Debug|Win32
		{235C0641-2EC3-44C6-BB54-A13CAD1F52BC}.Debug|x64.ActiveCfg = Debug|x64
		{235C0641-2EC3-44C6-BB54-A13CAD1F52BC}.Debug|x64.Build.0 = Debug|x64
		{235C0641-2EC3-44C6-BB54-A13CAD1F52BC}.Release|Win32.ActiveCfg = Release|Win32
		{235C0641-2EC3-44C6-BB54-A13CAD1F52BC}.Release|Win32.Build.0 = Release|Win32
		{235C0641-2EC3-44C6-BB54-A13CAD1F52BC}.Release|x64.ActiveCfg = Release|x64
		{235C0641-2EC3-44C6-BB54-A13CAD1F52BC}.Release|x64.Build.0 = Release|x64
		{881FD20F-E1B2-40BE-9120-66BB3F03F9CB}.Debug|Win32.ActiveCfg = Debug|Win32
		{881FD20F-E1B2-40BE-9120-66BB3F03F9CB}.Debug|Win32.Build.0 = Debug|Win32
		{881FD20F-E1B2-40BE-9120-66BB3F03F9CB}.Debug|x64.ActiveCfg = Debug|x64
		{881FD20F-E1B2-40BE-9120-66BB3F03F9CB}.Debug|x64.Build.0 = Debug|x64
		{881FD20F-E1B2-40BE-9120-66BB3F03F9CB}.Release|Win32.ActiveCfg = Release|Win32
		{881FD20F-E1B2-40BE-9120-66BB3F03F9CB}.Release|Win32.Build.0 = Release|Win32
		{881FD20F-E1B2-40BE-9120-66BB3F03F9CB}.Release|x64.ActiveCfg = Release|x64
		{881FD20F-E1B2-40BE-9120-66BB3F03F9CB}.Release|x64.Build.0 = Release|x64
		{57FEC541-722C-49D2-B59B-012260568CD9}.Debug|Win32.ActiveCfg = Debug|Win32
		{57FEC541-722C-49D2-B59B-012260568CD9}.Debug|Win32.Build.0 = Debug|Win32
		{57FEC541-722C-49D2-B59B-012260568CD9}.Debug|x64.ActiveCfg = Debug|x64
		{57FEC541-722C-49D2-B59B-012260568CD9}.Debug|x64.Build.0 = Debug|x64
		{57FEC541-722C-49D2-B59B-012260568CD9}.Release|Win32.ActiveCfg = Release|Win32
		{57FEC541-722C-49D2-B59B-012260568CD9}.Release|Win32.Build.0 = Release|Win32
		{57FEC541-722C-49D2-B59B-012260568CD9}.Release|x64.ActiveCfg = Release|x64
		{57FEC541-722C-49D2-B59B-012260568CD9}.Release|x64.Build.0 = Release|x64
		{B6CFB62B-8F92-4C3F-B488-EBFA215C8B5E}.Debug|Win32.ActiveCfg = Debug|Win32
		{B6CFB62B-8F92-4C3F-B488-EBFA215C8B5E}.Debug|Win32.Build.0 = Debug|Win32
		{B6CFB62B-8F92-4C3F-B488-EBFA215C8B5E}.Debug|x64.ActiveCfg = Debug|x64
		{B6CFB62B-8F92-4C3F-B488-EBFA215C8B5E}.Debug|x64.Build.0 = Debug|x64
		{B6CFB62B-8F92-4C3F-B488-EBFA215C8B5E}.Release|Win32.ActiveCfg = Release|Win32
		{B6CFB62B-8F92-4C3F-B488-EBFA215C8B5E}.Release|Win32.Build.0 = Release|Win32
		{B6CFB62B-8F92-4C3F-B488-EBFA215C8B5E}.Release|x64.ActiveCfg = Release|x64
		{B6CFB62B-8F92-4C3F-B488-EBFA215C8B5E}.Release|x64.Build.0 = Release|x64
	EndGlobalSection
	GlobalSection(SolutionProperties) = preSolution
		HideSolutionNode = FALSE
	EndGlobalSection
EndGlobal
